
Microsoft Visual Studio Solution File, Format Version 12.00
# Visual Studio Version 17
VisualStudioVersion = 17.7.34024.191
MinimumVisualStudioVersion = 10.0.40219.1
Project("{FAE04EC0-301F-11D3-BF4B-00C04F79EFBC}") = "podprogramy_pole", "podprogramy_pole\podprogramy_pole.csproj", "{C12B53D1-AFE4-4ED6-B996-66A1006E1B1F}"
EndProject
Global
	GlobalSection(SolutionConfigurationPlatforms) = preSolution
		Debug|Any CPU = Debug|Any CPU
		Release|Any CPU = Release|Any CPU
	EndGlobalSection
	GlobalSection(ProjectConfigurationPlatforms) = postSolution
		{C12B53D1-AFE4-4ED6-B996-66A1006E1B1F}.Debug|Any CPU.ActiveCfg = Debug|Any CPU
		{C12B53D1-AFE4-4ED6-B996-66A1006E1B1F}.Debug|Any CPU.Build.0 = Debug|Any CPU
		{C12B53D1-AFE4-4ED6-B996-66A1006E1B1F}.Release|Any CPU.ActiveCfg = Release|Any CPU
		{C12B53D1-AFE4-4ED6-B996-66A1006E1B1F}.Release|Any CPU.Build.0 = Release|Any CPU
	EndGlobalSection
	GlobalSection(SolutionProperties) = preSolution
		HideSolutionNode = FALSE
	EndGlobalSection
	GlobalSection(ExtensibilityGlobals) = postSolution
		SolutionGuid = {26E05DE8-AD7D-4026-9C06-CA0CA8F07797}
	EndGlobalSection
EndGlobal
